
Microsoft Visual Studio Solution File, Format Version 12.00
# Visual Studio 14
VisualStudioVersion = 14.0.25420.1
MinimumVisualStudioVersion = 10.0.40219.1
Project("{FAE04EC0-301F-11D3-BF4B-00C04F79EFBC}") = "ServiceFabricConfigDecryptionHelper", "ServiceFabricConfigDecryptionHelper.csproj", "{25CC22CD-6124-4A54-8F9D-A9FE84AEFF7C}"
EndProject
Global
	GlobalSection(SolutionConfigurationPlatforms) = preSolution
		Debug|x64 = Debug|x64
		Release|x64 = Release|x64
	EndGlobalSection
	GlobalSection(ProjectConfigurationPlatforms) = postSolution
		{25CC22CD-6124-4A54-8F9D-A9FE84AEFF7C}.Debug|x64.ActiveCfg = Debug|x64
		{25CC22CD-6124-4A54-8F9D-A9FE84AEFF7C}.Debug|x64.Build.0 = Debug|x64
		{25CC22CD-6124-4A54-8F9D-A9FE84AEFF7C}.Release|x64.ActiveCfg = Release|x64
		{25CC22CD-6124-4A54-8F9D-A9FE84AEFF7C}.Release|x64.Build.0 = Release|x64
	EndGlobalSection
	GlobalSection(SolutionProperties) = preSolution
		HideSolutionNode = FALSE
	EndGlobalSection
EndGlobal
